
Microsoft Visual Studio Solution File, Format Version 11.00
# Visual Studio 2010
Project("{8BC9CEB8-8B4A-11D0-8D11-00A0C91BC942}") = "feistel", "feistel\feistel.vcxproj", "{4430CB36-5BA3-4E63-9D48-003E82F839BA}"
EndProject
Global
	GlobalSection(SolutionConfigurationPlatforms) = preSolution
		Debug|Win32 = Debug|Win32
		Release|Win32 = Release|Win32
	EndGlobalSection
	GlobalSection(ProjectConfigurationPlatforms) = postSolution
		{4430CB36-5BA3-4E63-9D48-003E82F839BA}.Debug|Win32.ActiveCfg = Debug|Win32
		{4430CB36-5BA3-4E63-9D48-003E82F839BA}.Debug|Win32.Build.0 = Debug|Win32
		{4430CB36-5BA3-4E63-9D48-003E82F839BA}.Release|Win32.ActiveCfg = Release|Win32
		{4430CB36-5BA3-4E63-9D48-003E82F839BA}.Release|Win32.Build.0 = Release|Win32
	EndGlobalSection
	GlobalSection(SolutionProperties) = preSolution
		HideSolutionNode = FALSE
	EndGlobalSection
EndGlobal
